// !$*UTF8*$!
{
	archiveVersion = 1;
	classes = {
	};
	objectVersion = 46;
	objects = {

/* Begin PBXBuildFile section */
		445BFD8C1A1D2E6B000DF063 /* main.m in Sources */ = {isa = PBXBuildFile; fileRef = 445BFD8B1A1D2E6B000DF063 /* main.m */; };
		445BFD8F1A1D2E6B000DF063 /* AppDelegate.m in Sources */ = {isa = PBXBuildFile; fileRef = 445BFD8E1A1D2E6B000DF063 /* AppDelegate.m */; };
		445BFD921A1D2E6B000DF063 /* ViewController.m in Sources */ = {isa = PBXBuildFile; fileRef = 445BFD911A1D2E6B000DF063 /* ViewController.m */; };
		445BFD951A1D2E6B000DF063 /* Main.storyboard in Resources */ = {isa = PBXBuildFile; fileRef = 445BFD931A1D2E6B000DF063 /* Main.storyboard */; };
		445BFD971A1D2E6B000DF063 /* Images.xcassets in Resources */ = {isa = PBXBuildFile; fileRef = 445BFD961A1D2E6B000DF063 /* Images.xcassets */; };
		445BFD9A1A1D2E6B000DF063 /* LaunchScreen.xib in Resources */ = {isa = PBXBuildFile; fileRef = 445BFD981A1D2E6B000DF063 /* LaunchScreen.xib */; };
		445BFDA61A1D2E6B000DF063 /* EvilHangmanTests.m in Sources */ = {isa = PBXBuildFile; fileRef = 445BFDA51A1D2E6B000DF063 /* EvilHangmanTests.m */; };
/* End PBXBuildFile section */

/* Begin PBXContainerItemProxy section */
		445BFDA01A1D2E6B000DF063 /* PBXContainerItemProxy */ = {
			isa = PBXContainerItemProxy;
			containerPortal = 445BFD7E1A1D2E6B000DF063 /* Project object */;
			proxyType = 1;
			remoteGlobalIDString = 445BFD851A1D2E6B000DF063;
			remoteInfo = EvilHangman;
		};
/* End PBXContainerItemProxy section */

/* Begin PBXFileReference section */
		445BFD861A1D2E6B000DF063 /* EvilHangman.app */ = {isa = PBXFileReference; explicitFileType = wrapper.application; includeInIndex = 0; path = EvilHangman.app; sourceTree = BUILT_PRODUCTS_DIR; };
		445BFD8A1A1D2E6B000DF063 /* Info.plist */ = {isa = PBXFileReference; lastKnownFileType = text.plist.xml; path = Info.plist; sourceTree = "<group>"; };
		445BFD8B1A1D2E6B000DF063 /* main.m */ = {isa = PBXFileReference; lastKnownFileType = sourcecode.c.objc; path = main.m; sourceTree = "<group>"; };
		445BFD8D1A1D2E6B000DF063 /* AppDelegate.h */ = {isa = PBXFileReference; lastKnownFileType = sourcecode.c.h; path = AppDelegate.h; sourceTree = "<group>"; };
		445BFD8E1A1D2E6B000DF063 /* AppDelegate.m */ = {isa = PBXFileReference; lastKnownFileType = sourcecode.c.objc; path = AppDelegate.m; sourceTree = "<group>"; };
		445BFD901A1D2E6B000DF063 /* ViewController.h */ = {isa = PBXFileReference; lastKnownFileType = sourcecode.c.h; path = ViewController.h; sourceTree = "<group>"; };
		445BFD911A1D2E6B000DF063 /* ViewController.m */ = {isa = PBXFileReference; lastKnownFileType = sourcecode.c.objc; path = ViewController.m; sourceTree = "<group>"; };
		445BFD941A1D2E6B000DF063 /* Base */ = {isa = PBXFileReference; lastKnownFileType = file.storyboard; name = Base; path = Base.lproj/Main.storyboard; sourceTree = "<group>"; };
		445BFD961A1D2E6B000DF063 /* Images.xcassets */ = {isa = PBXFileReference; lastKnownFileType = folder.assetcatalog; path = Images.xcassets; sourceTree = "<group>"; };
		445BFD991A1D2E6B000DF063 /* Base */ = {isa = PBXFileReference; lastKnownFileType = file.xib; name = Base; path = Base.lproj/LaunchScreen.xib; sourceTree = "<group>"; };
		445BFD9F1A1D2E6B000DF063 /* EvilHangmanTests.xctest */ = {isa = PBXFileReference; explicitFileType = wrapper.cfbundle; includeInIndex = 0; path = EvilHangmanTests.xctest; sourceTree = BUILT_PRODUCTS_DIR; };
		445BFDA41A1D2E6B000DF063 /* Info.plist */ = {isa = PBXFileReference; lastKnownFileType = text.plist.xml; path = Info.plist; sourceTree = "<group>"; };
		445BFDA51A1D2E6B000DF063 /* EvilHangmanTests.m */ = {isa = PBXFileReference; lastKnownFileType = sourcecode.c.objc; path = EvilHangmanTests.m; sourceTree = "<group>"; };
/* End PBXFileReference section */

/* Begin PBXFrameworksBuildPhase section */
		445BFD831A1D2E6B000DF063 /* Frameworks */ = {
			isa = PBXFrameworksBuildPhase;
			buildActionMask = 2147483647;
			files = (
			);
			runOnlyForDeploymentPostprocessing = 0;
		};
		445BFD9C1A1D2E6B000DF063 /* Frameworks */ = {
			isa = PBXFrameworksBuildPhase;
			buildActionMask = 2147483647;
			files = (
			);
			runOnlyForDeploymentPostprocessing = 0;
		};
/* End PBXFrameworksBuildPhase section */

/* Begin PBXGroup section */
		445BFD7D1A1D2E6B000DF063 = {
			isa = PBXGroup;
			children = (
				445BFD881A1D2E6B000DF063 /* EvilHangman */,
				445BFDA21A1D2E6B000DF063 /* EvilHangmanTests */,
				445BFD871A1D2E6B000DF063 /* Products */,
			);
			sourceTree = "<group>";
		};
		445BFD871A1D2E6B000DF063 /* Products */ = {
			isa = PBXGroup;
			children = (
				445BFD861A1D2E6B000DF063 /* EvilHangman.app */,
				445BFD9F1A1D2E6B000DF063 /* EvilHangmanTests.xctest */,
			);
			name = Products;
			sourceTree = "<group>";
		};
		445BFD881A1D2E6B000DF063 /* EvilHangman */ = {
			isa = PBXGroup;
			children = (
				445BFD8D1A1D2E6B000DF063 /* AppDelegate.h */,
				445BFD8E1A1D2E6B000DF063 /* AppDelegate.m */,
				445BFD901A1D2E6B000DF063 /* ViewController.h */,
				445BFD911A1D2E6B000DF063 /* ViewController.m */,
				445BFD931A1D2E6B000DF063 /* Main.storyboard */,
				445BFD961A1D2E6B000DF063 /* Images.xcassets */,
				445BFD981A1D2E6B000DF063 /* LaunchScreen.xib */,
				445BFD891A1D2E6B000DF063 /* Supporting Files */,
			);
			path = EvilHangman;
			sourceTree = "<group>";
		};
		445BFD891A1D2E6B000DF063 /* Supporting Files */ = {
			isa = PBXGroup;
			children = (
				445BFD8A1A1D2E6B000DF063 /* Info.plist */,
				445BFD8B1A1D2E6B000DF063 /* main.m */,
			);
			name = "Supporting Files";
			sourceTree = "<group>";
		};
		445BFDA21A1D2E6B000DF063 /* EvilHangmanTests */ = {
			isa = PBXGroup;
			children = (
				445BFDA51A1D2E6B000DF063 /* EvilHangmanTests.m */,
				445BFDA31A1D2E6B000DF063 /* Supporting Files */,
			);
			path = EvilHangmanTests;
			sourceTree = "<group>";
		};
		445BFDA31A1D2E6B000DF063 /* Supporting Files */ = {
			isa = PBXGroup;
			children = (
				445BFDA41A1D2E6B000DF063 /* Info.plist */,
			);
			name = "Supporting Files";
			sourceTree = "<group>";
		};
/* End PBXGroup section */

/* Begin PBXNativeTarget section */
		445BFD851A1D2E6B000DF063 /* EvilHangman */ = {
			isa = PBXNativeTarget;
			buildConfigurationList = 445BFDA91A1D2E6B000DF063 /* Build configuration list for PBXNativeTarget "EvilHangman" */;
			buildPhases = (
				445BFD821A1D2E6B000DF063 /* Sources */,
				445BFD831A1D2E6B000DF063 /* Frameworks */,
				445BFD841A1D2E6B000DF063 /* Resources */,
			);
			buildRules = (
			);
			dependencies = (
			);
			name = EvilHangman;
			productName = EvilHangman;
			productReference = 445BFD861A1D2E6B000DF063 /* EvilHangman.app */;
			productType = "com.apple.product-type.application";
		};
		445BFD9E1A1D2E6B000DF063 /* EvilHangmanTests */ = {
			isa = PBXNativeTarget;
			buildConfigurationList = 445BFDAC1A1D2E6B000DF063 /* Build configuration list for PBXNativeTarget "EvilHangmanTests" */;
			buildPhases = (
				445BFD9B1A1D2E6B000DF063 /* Sources */,
				445BFD9C1A1D2E6B000DF063 /* Frameworks */,
				445BFD9D1A1D2E6B000DF063 /* Resources */,
			);
			buildRules = (
			);
			dependencies = (
				445BFDA11A1D2E6B000DF063 /* PBXTargetDependency */,
			);
			name = EvilHangmanTests;
			productName = EvilHangmanTests;
			productReference = 445BFD9F1A1D2E6B000DF063 /* EvilHangmanTests.xctest */;
			productType = "com.apple.product-type.bundle.unit-test";
		};
/* End PBXNativeTarget section */

/* Begin PBXProject section */
		445BFD7E1A1D2E6B000DF063 /* Project object */ = {
			isa = PBXProject;
			attributes = {
				LastUpgradeCheck = 0610;
				ORGANIZATIONNAME = "Jeroen van der Es";
				TargetAttributes = {
					445BFD851A1D2E6B000DF063 = {
						CreatedOnToolsVersion = 6.1;
					};
					445BFD9E1A1D2E6B000DF063 = {
						CreatedOnToolsVersion = 6.1;
						TestTargetID = 445BFD851A1D2E6B000DF063;
					};
				};
			};
			buildConfigurationList = 445BFD811A1D2E6B000DF063 /* Build configuration list for PBXProject "EvilHangman" */;
			compatibilityVersion = "Xcode 3.2";
			developmentRegion = English;
			hasScannedForEncodings = 0;
			knownRegions = (
				en,
				Base,
			);
			mainGroup = 445BFD7D1A1D2E6B000DF063;
			productRefGroup = 445BFD871A1D2E6B000DF063 /* Products */;
			projectDirPath = "";
			projectRoot = "";
			targets = (
				445BFD851A1D2E6B000DF063 /* EvilHangman */,
				445BFD9E1A1D2E6B000DF063 /* EvilHangmanTests */,
			);
		};
/* End PBXProject section */

/* Begin PBXResourcesBuildPhase section */
		445BFD841A1D2E6B000DF063 /* Resources */ = {
			isa = PBXResourcesBuildPhase;
			buildActionMask = 2147483647;
			files = (
				445BFD951A1D2E6B000DF063 /* Main.storyboard in Resources */,
				445BFD9A1A1D2E6B000DF063 /* LaunchScreen.xib in Resources */,
				445BFD971A1D2E6B000DF063 /* Images.xcassets in Resources */,
			);
			runOnlyForDeploymentPostprocessing = 0;
		};
		445BFD9D1A1D2E6B000DF063 /* Resources */ = {
			isa = PBXResourcesBuildPhase;
			buildActionMask = 2147483647;
			files = (
			);
			runOnlyForDeploymentPostprocessing = 0;
		};
/* End PBXResourcesBuildPhase section */

/* Begin PBXSourcesBuildPhase section */
		445BFD821A1D2E6B000DF063 /* Sources */ = {
			isa = PBXSourcesBuildPhase;
			buildActionMask = 2147483647;
			files = (
				445BFD921A1D2E6B000DF063 /* ViewController.m in Sources */,
				445BFD8F1A1D2E6B000DF063 /* AppDelegate.m in Sources */,
				445BFD8C1A1D2E6B000DF063 /* main.m in Sources */,
			);
			runOnlyForDeploymentPostprocessing = 0;
		};
		445BFD9B1A1D2E6B000DF063 /* Sources */ = {
			isa = PBXSourcesBuildPhase;
			buildActionMask = 2147483647;
			files = (
				445BFDA61A1D2E6B000DF063 /* EvilHangmanTests.m in Sources */,
			);
			runOnlyForDeploymentPostprocessing = 0;
		};
/* End PBXSourcesBuildPhase section */

/* Begin PBXTargetDependency section */
		445BFDA11A1D2E6B000DF063 /* PBXTargetDependency */ = {
			isa = PBXTargetDependency;
			target = 445BFD851A1D2E6B000DF063 /* EvilHangman */;
			targetProxy = 445BFDA01A1D2E6B000DF063 /* PBXContainerItemProxy */;
		};
/* End PBXTargetDependency section */

/* Begin PBXVariantGroup section */
		445BFD931A1D2E6B000DF063 /* Main.storyboard */ = {
			isa = PBXVariantGroup;
			children = (
				445BFD941A1D2E6B000DF063 /* Base */,
			);
			name = Main.storyboard;
			sourceTree = "<group>";
		};
		445BFD981A1D2E6B000DF063 /* LaunchScreen.xib */ = {
			isa = PBXVariantGroup;
			children = (
				445BFD991A1D2E6B000DF063 /* Base */,
			);
			name = LaunchScreen.xib;
			sourceTree = "<group>";
		};
/* End PBXVariantGroup section */

/* Begin XCBuildConfiguration section */
		445BFDA71A1D2E6B000DF063 /* Debug */ = {
			isa = XCBuildConfiguration;
			buildSettings = {
				ALWAYS_SEARCH_USER_PATHS = NO;
				CLANG_CXX_LANGUAGE_STANDARD = "gnu++0x";
				CLANG_CXX_LIBRARY = "libc++";
				CLANG_ENABLE_MODULES = YES;
				CLANG_ENABLE_OBJC_ARC = YES;
				CLANG_WARN_BOOL_CONVERSION = YES;
				CLANG_WARN_CONSTANT_CONVERSION = YES;
				CLANG_WARN_DIRECT_OBJC_ISA_USAGE = YES_ERROR;
				CLANG_WARN_EMPTY_BODY = YES;
				CLANG_WARN_ENUM_CONVERSION = YES;
				CLANG_WARN_INT_CONVERSION = YES;
				CLANG_WARN_OBJC_ROOT_CLASS = YES_ERROR;
				CLANG_WARN_UNREACHABLE_CODE = YES;
				CLANG_WARN__DUPLICATE_METHOD_MATCH = YES;
				"CODE_SIGN_IDENTITY[sdk=iphoneos*]" = "iPhone Developer";
				COPY_PHASE_STRIP = NO;
				ENABLE_STRICT_OBJC_MSGSEND = YES;
				GCC_C_LANGUAGE_STANDARD = gnu99;
				GCC_DYNAMIC_NO_PIC = NO;
				GCC_OPTIMIZATION_LEVEL = 0;
				GCC_PREPROCESSOR_DEFINITIONS = (
					"DEBUG=1",
					"$(inherited)",
				);
				GCC_SYMBOLS_PRIVATE_EXTERN = NO;
				GCC_WARN_64_TO_32_BIT_CONVERSION = YES;
				GCC_WARN_ABOUT_RETURN_TYPE = YES_ERROR;
				GCC_WARN_UNDECLARED_SELECTOR = YES;
				GCC_WARN_UNINITIALIZED_AUTOS = YES_AGGRESSIVE;
				GCC_WARN_UNUSED_FUNCTION = YES;
				GCC_WARN_UNUSED_VARIABLE = YES;
				IPHONEOS_DEPLOYMENT_TARGET = 8.1;
				MTL_ENABLE_DEBUG_INFO = YES;
				ONLY_ACTIVE_ARCH = YES;
				SDKROOT = iphoneos;
			};
			name = Debug;
		};
		445BFDA81A1D2E6B000DF063 /* Release */ = {
			isa = XCBuildConfiguration;
			buildSettings = {
				ALWAYS_SEARCH_USER_PATHS = NO;
				CLANG_CXX_LANGUAGE_STANDARD = "gnu++0x";
				CLANG_CXX_LIBRARY = "libc++";
				CLANG_ENABLE_MODULES = YES;
				CLANG_ENABLE_OBJC_ARC = YES;
				CLANG_WARN_BOOL_CONVERSION = YES;
				CLANG_WARN_CONSTANT_CONVERSION = YES;
				CLANG_WARN_DIRECT_OBJC_ISA_USAGE = YES_ERROR;
				CLANG_WARN_EMPTY_BODY = YES;
				CLANG_WARN_ENUM_CONVERSION = YES;
				CLANG_WARN_INT_CONVERSION = YES;
				CLANG_WARN_OBJC_ROOT_CLASS = YES_ERROR;
				CLANG_WARN_UNREACHABLE_CODE = YES;
				CLANG_WARN__DUPLICATE_METHOD_MATCH = YES;
				"CODE_SIGN_IDENTITY[sdk=iphoneos*]" = "iPhone Developer";
				COPY_PHASE_STRIP = YES;
				ENABLE_NS_ASSERTIONS = NO;
				ENABLE_STRICT_OBJC_MSGSEND = YES;
				GCC_C_LANGUAGE_STANDARD = gnu99;
				GCC_WARN_64_TO_32_BIT_CONVERSION = YES;
				GCC_WARN_ABOUT_RETURN_TYPE = YES_ERROR;
				GCC_WARN_UNDECLARED_SELECTOR = YES;
				GCC_WARN_UNINITIALIZED_AUTOS = YES_AGGRESSIVE;
				GCC_WARN_UNUSED_FUNCTION = YES;
				GCC_WARN_UNUSED_VARIABLE = YES;
				IPHONEOS_DEPLOYMENT_TARGET = 8.1;
				MTL_ENABLE_DEBUG_INFO = NO;
				SDKROOT = iphoneos;
				VALIDATE_PRODUCT = YES;
			};
			name = Release;
		};
		445BFDAA1A1D2E6B000DF063 /* Debug */ = {
			isa = XCBuildConfiguration;
			buildSettings = {
				ASSETCATALOG_COMPILER_APPICON_NAME = AppIcon;
				INFOPLIST_FILE = EvilHangman/Info.plist;
				LD_RUNPATH_SEARCH_PATHS = "$(inherited) @executable_path/Frameworks";
				PRODUCT_NAME = "$(TARGET_NAME)";
			};
			name = Debug;
		};
		445BFDAB1A1D2E6B000DF063 /* Release */ = {
			isa = XCBuildConfiguration;
			buildSettings = {
				ASSETCATALOG_COMPILER_APPICON_NAME = AppIcon;
				INFOPLIST_FILE = EvilHangman/Info.plist;
				LD_RUNPATH_SEARCH_PATHS = "$(inherited) @executable_path/Frameworks";
				PRODUCT_NAME = "$(TARGET_NAME)";
			};
			name = Release;
		};
		445BFDAD1A1D2E6B000DF063 /* Debug */ = {
			isa = XCBuildConfiguration;
			buildSettings = {
				BUNDLE_LOADER = "$(TEST_HOST)";
				FRAMEWORK_SEARCH_PATHS = (
					"$(SDKROOT)/Developer/Library/Frameworks",
					"$(inherited)",
				);
				GCC_PREPROCESSOR_DEFINITIONS = (
					"DEBUG=1",
					"$(inherited)",
				);
				INFOPLIST_FILE = EvilHangmanTests/Info.plist;
				LD_RUNPATH_SEARCH_PATHS = "$(inherited) @executable_path/Frameworks @loader_path/Frameworks";
				PRODUCT_NAME = "$(TARGET_NAME)";
				TEST_HOST = "$(BUILT_PRODUCTS_DIR)/EvilHangman.app/EvilHangman";
			};
			name = Debug;
		};
		445BFDAE1A1D2E6B000DF063 /* Release */ = {
			isa = XCBuildConfiguration;
			buildSettings = {
				BUNDLE_LOADER = "$(TEST_HOST)";
				FRAMEWORK_SEARCH_PATHS = (
					"$(SDKROOT)/Developer/Library/Frameworks",
					"$(inherited)",
				);
				INFOPLIST_FILE = EvilHangmanTests/Info.plist;
				LD_RUNPATH_SEARCH_PATHS = "$(inherited) @executable_path/Frameworks @loader_path/Frameworks";
				PRODUCT_NAME = "$(TARGET_NAME)";
				TEST_HOST = "$(BUILT_PRODUCTS_DIR)/EvilHangman.app/EvilHangman";
			};
			name = Release;
		};
/* End XCBuildConfiguration section */

/* Begin XCConfigurationList section */
		445BFD811A1D2E6B000DF063 /* Build configuration list for PBXProject "EvilHangman" */ = {
			isa = XCConfigurationList;
			buildConfigurations = (
				445BFDA71A1D2E6B000DF063 /* Debug */,
				445BFDA81A1D2E6B000DF063 /* Release */,
			);
			defaultConfigurationIsVisible = 0;
			defaultConfigurationName = Release;
		};
		445BFDA91A1D2E6B000DF063 /* Build configuration list for PBXNativeTarget "EvilHangman" */ = {
			isa = XCConfigurationList;
			buildConfigurations = (
				445BFDAA1A1D2E6B000DF063 /* Debug */,
				445BFDAB1A1D2E6B000DF063 /* Release */,
			);
			defaultConfigurationIsVisible = 0;
		};
		445BFDAC1A1D2E6B000DF063 /* Build configuration list for PBXNativeTarget "EvilHangmanTests" */ = {
			isa = XCConfigurationList;
			buildConfigurations = (
				445BFDAD1A1D2E6B000DF063 /* Debug */,
				445BFDAE1A1D2E6B000DF063 /* Release */,
			);
			defaultConfigurationIsVisible = 0;
		};
/* End XCConfigurationList section */
	};
	rootObject = 445BFD7E1A1D2E6B000DF063 /* Project object */;
}
